// !$*UTF8*$!
{
	archiveVersion = 1;
	classes = {
	};
	objectVersion = 46;
	objects = {

/* Begin PBXBuildFile section */
		7622AEF01C74693B0055BA9C /* CGRect+Extensions.swift in Sources */ = {isa = PBXBuildFile; fileRef = 7622AEEF1C74693B0055BA9C /* CGRect+Extensions.swift */; };
		76CF76891B5C376D00A2FCC8 /* Descartes.h in Headers */ = {isa = PBXBuildFile; fileRef = 76CF76881B5C376D00A2FCC8 /* Descartes.h */; settings = {ATTRIBUTES = (Public, ); }; };
		76CF770A1B5D74E800A2FCC8 /* Edge.swift in Sources */ = {isa = PBXBuildFile; fileRef = 76CF76FB1B5D74E800A2FCC8 /* Edge.swift */; };
		76CF770B1B5D74E800A2FCC8 /* Halfedge.swift in Sources */ = {isa = PBXBuildFile; fileRef = 76CF76FC1B5D74E800A2FCC8 /* Halfedge.swift */; };
		76CF770C1B5D74E800A2FCC8 /* Site.swift in Sources */ = {isa = PBXBuildFile; fileRef = 76CF76FD1B5D74E800A2FCC8 /* Site.swift */; };
		76CF770E1B5D74E800A2FCC8 /* Line.swift in Sources */ = {isa = PBXBuildFile; fileRef = 76CF77001B5D74E800A2FCC8 /* Line.swift */; };
		76CF770F1B5D74E800A2FCC8 /* Node.swift in Sources */ = {isa = PBXBuildFile; fileRef = 76CF77011B5D74E800A2FCC8 /* Node.swift */; };
		76CF77121B5D74E800A2FCC8 /* SiteList.swift in Sources */ = {isa = PBXBuildFile; fileRef = 76CF77051B5D74E800A2FCC8 /* SiteList.swift */; };
		76CF77341B5D798300A2FCC8 /* Perlin1D.swift in Sources */ = {isa = PBXBuildFile; fileRef = 76CF772C1B5D798300A2FCC8 /* Perlin1D.swift */; };
		76CF77351B5D798300A2FCC8 /* Perlin2D.swift in Sources */ = {isa = PBXBuildFile; fileRef = 76CF772D1B5D798300A2FCC8 /* Perlin2D.swift */; };
		76CF77361B5D798300A2FCC8 /* Perlin3D.swift in Sources */ = {isa = PBXBuildFile; fileRef = 76CF772E1B5D798300A2FCC8 /* Perlin3D.swift */; };
		76CF773A1B5D798300A2FCC8 /* Utilities.swift in Sources */ = {isa = PBXBuildFile; fileRef = 76CF77331B5D798300A2FCC8 /* Utilities.swift */; };
		76CF77421B5D7AE400A2FCC8 /* CGPoint+Internal.swift in Sources */ = {isa = PBXBuildFile; fileRef = 76CF77411B5D7AE400A2FCC8 /* CGPoint+Internal.swift */; };
		76CF77441B5D7B4000A2FCC8 /* Int+Internal.swift in Sources */ = {isa = PBXBuildFile; fileRef = 76CF77431B5D7B4000A2FCC8 /* Int+Internal.swift */; };
		76CF77481B5D7B6D00A2FCC8 /* LineEquation.swift in Sources */ = {isa = PBXBuildFile; fileRef = 76CF77451B5D7B6D00A2FCC8 /* LineEquation.swift */; };
		76CF77491B5D7B6D00A2FCC8 /* Orientation.swift in Sources */ = {isa = PBXBuildFile; fileRef = 76CF77461B5D7B6D00A2FCC8 /* Orientation.swift */; };
		76CF774A1B5D7B6D00A2FCC8 /* TransformedVertex.swift in Sources */ = {isa = PBXBuildFile; fileRef = 76CF77471B5D7B6D00A2FCC8 /* TransformedVertex.swift */; };
		76CF774D1B5D7BC500A2FCC8 /* Float+Internal.swift in Sources */ = {isa = PBXBuildFile; fileRef = 76CF774B1B5D7BC500A2FCC8 /* Float+Internal.swift */; };
		76CF774E1B5D7BC500A2FCC8 /* GLKVector2+Internal.swift in Sources */ = {isa = PBXBuildFile; fileRef = 76CF774C1B5D7BC500A2FCC8 /* GLKVector2+Internal.swift */; };
		76CF77501B5D7BF500A2FCC8 /* Table.swift in Sources */ = {isa = PBXBuildFile; fileRef = 76CF774F1B5D7BF500A2FCC8 /* Table.swift */; };
		76CF77521B5D7C0800A2FCC8 /* Matrix.swift in Sources */ = {isa = PBXBuildFile; fileRef = 76CF77511B5D7C0800A2FCC8 /* Matrix.swift */; };
		76CF775C1B5D7E3D00A2FCC8 /* Voronoi.swift in Sources */ = {isa = PBXBuildFile; fileRef = 76CF775B1B5D7E3D00A2FCC8 /* Voronoi.swift */; };
		76D50A881C7261D300DBB660 /* EventQueue.swift in Sources */ = {isa = PBXBuildFile; fileRef = 76D50A871C7261D300DBB660 /* EventQueue.swift */; };
		76D50A8C1C72622700DBB660 /* Heap.swift in Sources */ = {isa = PBXBuildFile; fileRef = 76D50A891C72622700DBB660 /* Heap.swift */; };
		76D50A8D1C72622700DBB660 /* HeapType.swift in Sources */ = {isa = PBXBuildFile; fileRef = 76D50A8A1C72622700DBB660 /* HeapType.swift */; };
		76D50A8E1C72622700DBB660 /* QueueType.swift in Sources */ = {isa = PBXBuildFile; fileRef = 76D50A8B1C72622700DBB660 /* QueueType.swift */; };
		76D50A901C72624F00DBB660 /* Beachline.swift in Sources */ = {isa = PBXBuildFile; fileRef = 76D50A8F1C72624F00DBB660 /* Beachline.swift */; };
		76D50A931C72673200DBB660 /* LICENSE in Resources */ = {isa = PBXBuildFile; fileRef = 76D50A911C72673200DBB660 /* LICENSE */; };
		76D50A941C72673200DBB660 /* README.md in Sources */ = {isa = PBXBuildFile; fileRef = 76D50A921C72673200DBB660 /* README.md */; };
		76D50AF11C737AFB00DBB660 /* Segment.swift in Sources */ = {isa = PBXBuildFile; fileRef = 76D50AF01C737AFB00DBB660 /* Segment.swift */; };
		76D50AF31C73B1E200DBB660 /* Boundary.swift in Sources */ = {isa = PBXBuildFile; fileRef = 76D50AF21C73B1E200DBB660 /* Boundary.swift */; };
/* End PBXBuildFile section */

/* Begin PBXFileReference section */
		7622AEEF1C74693B0055BA9C /* CGRect+Extensions.swift */ = {isa = PBXFileReference; fileEncoding = 4; lastKnownFileType = sourcecode.swift; path = "CGRect+Extensions.swift"; sourceTree = "<group>"; };
		76CF76831B5C376D00A2FCC8 /* Descartes.framework */ = {isa = PBXFileReference; explicitFileType = wrapper.framework; includeInIndex = 0; path = Descartes.framework; sourceTree = BUILT_PRODUCTS_DIR; };
		76CF76871B5C376D00A2FCC8 /* Info.plist */ = {isa = PBXFileReference; lastKnownFileType = text.plist.xml; path = Info.plist; sourceTree = "<group>"; };
		76CF76881B5C376D00A2FCC8 /* Descartes.h */ = {isa = PBXFileReference; lastKnownFileType = sourcecode.c.h; path = Descartes.h; sourceTree = "<group>"; };
		76CF76941B5C376D00A2FCC8 /* Info.plist */ = {isa = PBXFileReference; lastKnownFileType = text.plist.xml; path = Info.plist; sourceTree = "<group>"; };
		76CF76951B5C376D00A2FCC8 /* DescartesTests.swift */ = {isa = PBXFileReference; lastKnownFileType = sourcecode.swift; path = DescartesTests.swift; sourceTree = "<group>"; };
		76CF76FB1B5D74E800A2FCC8 /* Edge.swift */ = {isa = PBXFileReference; fileEncoding = 4; lastKnownFileType = sourcecode.swift; path = Edge.swift; sourceTree = "<group>"; };
		76CF76FC1B5D74E800A2FCC8 /* Halfedge.swift */ = {isa = PBXFileReference; fileEncoding = 4; lastKnownFileType = sourcecode.swift; path = Halfedge.swift; sourceTree = "<group>"; };
		76CF76FD1B5D74E800A2FCC8 /* Site.swift */ = {isa = PBXFileReference; fileEncoding = 4; lastKnownFileType = sourcecode.swift; path = Site.swift; sourceTree = "<group>"; };
		76CF77001B5D74E800A2FCC8 /* Line.swift */ = {isa = PBXFileReference; fileEncoding = 4; lastKnownFileType = sourcecode.swift; path = Line.swift; sourceTree = "<group>"; };
		76CF77011B5D74E800A2FCC8 /* Node.swift */ = {isa = PBXFileReference; fileEncoding = 4; lastKnownFileType = sourcecode.swift; path = Node.swift; sourceTree = "<group>"; };
		76CF77051B5D74E800A2FCC8 /* SiteList.swift */ = {isa = PBXFileReference; fileEncoding = 4; lastKnownFileType = sourcecode.swift; path = SiteList.swift; sourceTree = "<group>"; };
		76CF772C1B5D798300A2FCC8 /* Perlin1D.swift */ = {isa = PBXFileReference; fileEncoding = 4; lastKnownFileType = sourcecode.swift; path = Perlin1D.swift; sourceTree = "<group>"; };
		76CF772D1B5D798300A2FCC8 /* Perlin2D.swift */ = {isa = PBXFileReference; fileEncoding = 4; lastKnownFileType = sourcecode.swift; path = Perlin2D.swift; sourceTree = "<group>"; };
		76CF772E1B5D798300A2FCC8 /* Perlin3D.swift */ = {isa = PBXFileReference; fileEncoding = 4; lastKnownFileType = sourcecode.swift; path = Perlin3D.swift; sourceTree = "<group>"; };
		76CF77331B5D798300A2FCC8 /* Utilities.swift */ = {isa = PBXFileReference; fileEncoding = 4; lastKnownFileType = sourcecode.swift; path = Utilities.swift; sourceTree = "<group>"; };
		76CF77411B5D7AE400A2FCC8 /* CGPoint+Internal.swift */ = {isa = PBXFileReference; fileEncoding = 4; lastKnownFileType = sourcecode.swift; path = "CGPoint+Internal.swift"; sourceTree = "<group>"; };
		76CF77431B5D7B4000A2FCC8 /* Int+Internal.swift */ = {isa = PBXFileReference; fileEncoding = 4; lastKnownFileType = sourcecode.swift; path = "Int+Internal.swift"; sourceTree = "<group>"; };
		76CF77451B5D7B6D00A2FCC8 /* LineEquation.swift */ = {isa = PBXFileReference; fileEncoding = 4; lastKnownFileType = sourcecode.swift; path = LineEquation.swift; sourceTree = "<group>"; };
		76CF77461B5D7B6D00A2FCC8 /* Orientation.swift */ = {isa = PBXFileReference; fileEncoding = 4; lastKnownFileType = sourcecode.swift; path = Orientation.swift; sourceTree = "<group>"; };
		76CF77471B5D7B6D00A2FCC8 /* TransformedVertex.swift */ = {isa = PBXFileReference; fileEncoding = 4; lastKnownFileType = sourcecode.swift; path = TransformedVertex.swift; sourceTree = "<group>"; };
		76CF774B1B5D7BC500A2FCC8 /* Float+Internal.swift */ = {isa = PBXFileReference; fileEncoding = 4; lastKnownFileType = sourcecode.swift; path = "Float+Internal.swift"; sourceTree = "<group>"; };
		76CF774C1B5D7BC500A2FCC8 /* GLKVector2+Internal.swift */ = {isa = PBXFileReference; fileEncoding = 4; lastKnownFileType = sourcecode.swift; path = "GLKVector2+Internal.swift"; sourceTree = "<group>"; };
		76CF774F1B5D7BF500A2FCC8 /* Table.swift */ = {isa = PBXFileReference; fileEncoding = 4; lastKnownFileType = sourcecode.swift; path = Table.swift; sourceTree = "<group>"; };
		76CF77511B5D7C0800A2FCC8 /* Matrix.swift */ = {isa = PBXFileReference; fileEncoding = 4; lastKnownFileType = sourcecode.swift; path = Matrix.swift; sourceTree = "<group>"; };
		76CF775B1B5D7E3D00A2FCC8 /* Voronoi.swift */ = {isa = PBXFileReference; fileEncoding = 4; lastKnownFileType = sourcecode.swift; path = Voronoi.swift; sourceTree = "<group>"; };
		76D50A871C7261D300DBB660 /* EventQueue.swift */ = {isa = PBXFileReference; fileEncoding = 4; lastKnownFileType = sourcecode.swift; path = EventQueue.swift; sourceTree = "<group>"; };
		76D50A891C72622700DBB660 /* Heap.swift */ = {isa = PBXFileReference; fileEncoding = 4; lastKnownFileType = sourcecode.swift; path = Heap.swift; sourceTree = "<group>"; };
		76D50A8A1C72622700DBB660 /* HeapType.swift */ = {isa = PBXFileReference; fileEncoding = 4; lastKnownFileType = sourcecode.swift; path = HeapType.swift; sourceTree = "<group>"; };
		76D50A8B1C72622700DBB660 /* QueueType.swift */ = {isa = PBXFileReference; fileEncoding = 4; lastKnownFileType = sourcecode.swift; path = QueueType.swift; sourceTree = "<group>"; };
		76D50A8F1C72624F00DBB660 /* Beachline.swift */ = {isa = PBXFileReference; fileEncoding = 4; lastKnownFileType = sourcecode.swift; path = Beachline.swift; sourceTree = "<group>"; };
		76D50A911C72673200DBB660 /* LICENSE */ = {isa = PBXFileReference; fileEncoding = 4; lastKnownFileType = text; path = LICENSE; sourceTree = SOURCE_ROOT; };
		76D50A921C72673200DBB660 /* README.md */ = {isa = PBXFileReference; fileEncoding = 4; lastKnownFileType = net.daringfireball.markdown; path = README.md; sourceTree = SOURCE_ROOT; };
		76D50AF01C737AFB00DBB660 /* Segment.swift */ = {isa = PBXFileReference; fileEncoding = 4; lastKnownFileType = sourcecode.swift; path = Segment.swift; sourceTree = "<group>"; };
		76D50AF21C73B1E200DBB660 /* Boundary.swift */ = {isa = PBXFileReference; fileEncoding = 4; lastKnownFileType = sourcecode.swift; path = Boundary.swift; sourceTree = "<group>"; };
/* End PBXFileReference section */

/* Begin PBXFrameworksBuildPhase section */
		76CF767F1B5C376D00A2FCC8 /* Frameworks */ = {
			isa = PBXFrameworksBuildPhase;
			buildActionMask = 2147483647;
			files = (
			);
			runOnlyForDeploymentPostprocessing = 0;
		};
/* End PBXFrameworksBuildPhase section */

/* Begin PBXGroup section */
		76CF76791B5C376D00A2FCC8 = {
			isa = PBXGroup;
			children = (
				76CF76851B5C376D00A2FCC8 /* Descartes */,
				76CF76921B5C376D00A2FCC8 /* DescartesTests */,
				76CF76841B5C376D00A2FCC8 /* Products */,
			);
			sourceTree = "<group>";
		};
		76CF76841B5C376D00A2FCC8 /* Products */ = {
			isa = PBXGroup;
			children = (
				76CF76831B5C376D00A2FCC8 /* Descartes.framework */,
			);
			name = Products;
			sourceTree = "<group>";
		};
		76CF76851B5C376D00A2FCC8 /* Descartes */ = {
			isa = PBXGroup;
			children = (
				76CF76881B5C376D00A2FCC8 /* Descartes.h */,
				76CF769F1B5C379B00A2FCC8 /* Voronoi */,
				76CF772B1B5D798300A2FCC8 /* Perlin */,
				76CF773F1B5D7ACA00A2FCC8 /* Extensions */,
				76CF77401B5D7ACA00A2FCC8 /* Internal */,
				76CF76861B5C376D00A2FCC8 /* Supporting Files */,
			);
			path = Descartes;
			sourceTree = "<group>";
		};
		76CF76861B5C376D00A2FCC8 /* Supporting Files */ = {
			isa = PBXGroup;
			children = (
				76D50A911C72673200DBB660 /* LICENSE */,
				76D50A921C72673200DBB660 /* README.md */,
				76CF76871B5C376D00A2FCC8 /* Info.plist */,
			);
			name = "Supporting Files";
			sourceTree = "<group>";
		};
		76CF76921B5C376D00A2FCC8 /* DescartesTests */ = {
			isa = PBXGroup;
			children = (
				76CF76951B5C376D00A2FCC8 /* DescartesTests.swift */,
				76CF76931B5C376D00A2FCC8 /* Supporting Files */,
			);
			path = DescartesTests;
			sourceTree = "<group>";
		};
		76CF76931B5C376D00A2FCC8 /* Supporting Files */ = {
			isa = PBXGroup;
			children = (
				76CF76941B5C376D00A2FCC8 /* Info.plist */,
			);
			name = "Supporting Files";
			sourceTree = "<group>";
		};
		76CF769F1B5C379B00A2FCC8 /* Voronoi */ = {
			isa = PBXGroup;
			children = (
				76CF775B1B5D7E3D00A2FCC8 /* Voronoi.swift */,
				76CF76FA1B5D74E800A2FCC8 /* Graph */,
				76CF76FF1B5D74E800A2FCC8 /* Result */,
				76CF77021B5D74E800A2FCC8 /* Structures */,
			);
			path = Voronoi;
			sourceTree = "<group>";
		};
		76CF76FA1B5D74E800A2FCC8 /* Graph */ = {
			isa = PBXGroup;
			children = (
				76CF76FB1B5D74E800A2FCC8 /* Edge.swift */,
				76CF76FC1B5D74E800A2FCC8 /* Halfedge.swift */,
				76CF76FD1B5D74E800A2FCC8 /* Site.swift */,
			);
			path = Graph;
			sourceTree = "<group>";
		};
		76CF76FF1B5D74E800A2FCC8 /* Result */ = {
			isa = PBXGroup;
			children = (
				76CF77001B5D74E800A2FCC8 /* Line.swift */,
				76CF77011B5D74E800A2FCC8 /* Node.swift */,
				76D50AF01C737AFB00DBB660 /* Segment.swift */,
			);
			path = Result;
			sourceTree = "<group>";
		};
		76CF77021B5D74E800A2FCC8 /* Structures */ = {
			isa = PBXGroup;
			children = (
				76CF77051B5D74E800A2FCC8 /* SiteList.swift */,
				76D50A871C7261D300DBB660 /* EventQueue.swift */,
				76D50A8F1C72624F00DBB660 /* Beachline.swift */,
				76D50AF21C73B1E200DBB660 /* Boundary.swift */,
			);
			path = Structures;
			sourceTree = "<group>";
		};
		76CF772B1B5D798300A2FCC8 /* Perlin */ = {
			isa = PBXGroup;
			children = (
				76CF772C1B5D798300A2FCC8 /* Perlin1D.swift */,
				76CF772D1B5D798300A2FCC8 /* Perlin2D.swift */,
				76CF772E1B5D798300A2FCC8 /* Perlin3D.swift */,
				76CF772F1B5D798300A2FCC8 /* Utilities */,
			);
			path = Perlin;
			sourceTree = "<group>";
		};
		76CF772F1B5D798300A2FCC8 /* Utilities */ = {
			isa = PBXGroup;
			children = (
				76CF77331B5D798300A2FCC8 /* Utilities.swift */,
			);
			path = Utilities;
			sourceTree = "<group>";
		};
		76CF773F1B5D7ACA00A2FCC8 /* Extensions */ = {
			isa = PBXGroup;
			children = (
				76CF77411B5D7AE400A2FCC8 /* CGPoint+Internal.swift */,
				76CF77431B5D7B4000A2FCC8 /* Int+Internal.swift */,
				76CF774B1B5D7BC500A2FCC8 /* Float+Internal.swift */,
				76CF774C1B5D7BC500A2FCC8 /* GLKVector2+Internal.swift */,
				7622AEEF1C74693B0055BA9C /* CGRect+Extensions.swift */,
			);
			path = Extensions;
			sourceTree = "<group>";
		};
		76CF77401B5D7ACA00A2FCC8 /* Internal */ = {
			isa = PBXGroup;
			children = (
				76CF77451B5D7B6D00A2FCC8 /* LineEquation.swift */,
				76CF77461B5D7B6D00A2FCC8 /* Orientation.swift */,
				76CF77471B5D7B6D00A2FCC8 /* TransformedVertex.swift */,
				76CF774F1B5D7BF500A2FCC8 /* Table.swift */,
				76CF77511B5D7C0800A2FCC8 /* Matrix.swift */,
				76D50A891C72622700DBB660 /* Heap.swift */,
				76D50A8A1C72622700DBB660 /* HeapType.swift */,
				76D50A8B1C72622700DBB660 /* QueueType.swift */,
			);
			path = Internal;
			sourceTree = "<group>";
		};
/* End PBXGroup section */

/* Begin PBXHeadersBuildPhase section */
		76CF76801B5C376D00A2FCC8 /* Headers */ = {
			isa = PBXHeadersBuildPhase;
			buildActionMask = 2147483647;
			files = (
				76CF76891B5C376D00A2FCC8 /* Descartes.h in Headers */,
			);
			runOnlyForDeploymentPostprocessing = 0;
		};
/* End PBXHeadersBuildPhase section */

/* Begin PBXNativeTarget section */
		76CF76821B5C376D00A2FCC8 /* Descartes */ = {
			isa = PBXNativeTarget;
			buildConfigurationList = 76CF76991B5C376D00A2FCC8 /* Build configuration list for PBXNativeTarget "Descartes" */;
			buildPhases = (
				76CF767E1B5C376D00A2FCC8 /* Sources */,
				76CF767F1B5C376D00A2FCC8 /* Frameworks */,
				76CF76801B5C376D00A2FCC8 /* Headers */,
				76CF76811B5C376D00A2FCC8 /* Resources */,
			);
			buildRules = (
			);
			dependencies = (
			);
			name = Descartes;
			productName = Descartes;
			productReference = 76CF76831B5C376D00A2FCC8 /* Descartes.framework */;
			productType = "com.apple.product-type.framework";
		};
/* End PBXNativeTarget section */

/* Begin PBXProject section */
		76CF767A1B5C376D00A2FCC8 /* Project object */ = {
			isa = PBXProject;
			attributes = {
				LastSwiftMigration = 0700;
				LastSwiftUpdateCheck = 0700;
				LastUpgradeCheck = 0700;
				ORGANIZATIONNAME = "Fredrik Sjoberg";
				TargetAttributes = {
					76CF76821B5C376D00A2FCC8 = {
						CreatedOnToolsVersion = 6.3.2;
						LastSwiftMigration = 0800;
						ProvisioningStyle = Automatic;
					};
				};
			};
			buildConfigurationList = 76CF767D1B5C376D00A2FCC8 /* Build configuration list for PBXProject "Descartes" */;
			compatibilityVersion = "Xcode 3.2";
			developmentRegion = English;
			hasScannedForEncodings = 0;
			knownRegions = (
				en,
			);
			mainGroup = 76CF76791B5C376D00A2FCC8;
			productRefGroup = 76CF76841B5C376D00A2FCC8 /* Products */;
			projectDirPath = "";
			projectRoot = "";
			targets = (
				76CF76821B5C376D00A2FCC8 /* Descartes */,
			);
		};
/* End PBXProject section */

/* Begin PBXResourcesBuildPhase section */
		76CF76811B5C376D00A2FCC8 /* Resources */ = {
			isa = PBXResourcesBuildPhase;
			buildActionMask = 2147483647;
			files = (
				76D50A931C72673200DBB660 /* LICENSE in Resources */,
			);
			runOnlyForDeploymentPostprocessing = 0;
		};
/* End PBXResourcesBuildPhase section */

/* Begin PBXSourcesBuildPhase section */
		76CF767E1B5C376D00A2FCC8 /* Sources */ = {
			isa = PBXSourcesBuildPhase;
			buildActionMask = 2147483647;
			files = (
				76CF770C1B5D74E800A2FCC8 /* Site.swift in Sources */,
				76CF77441B5D7B4000A2FCC8 /* Int+Internal.swift in Sources */,
				76D50AF11C737AFB00DBB660 /* Segment.swift in Sources */,
				76CF770F1B5D74E800A2FCC8 /* Node.swift in Sources */,
				76CF774D1B5D7BC500A2FCC8 /* Float+Internal.swift in Sources */,
				76D50A941C72673200DBB660 /* README.md in Sources */,
				76CF770B1B5D74E800A2FCC8 /* Halfedge.swift in Sources */,
				76D50A8E1C72622700DBB660 /* QueueType.swift in Sources */,
				76CF77361B5D798300A2FCC8 /* Perlin3D.swift in Sources */,
				76CF774E1B5D7BC500A2FCC8 /* GLKVector2+Internal.swift in Sources */,
				76CF77481B5D7B6D00A2FCC8 /* LineEquation.swift in Sources */,
				76CF77121B5D74E800A2FCC8 /* SiteList.swift in Sources */,
				76D50A881C7261D300DBB660 /* EventQueue.swift in Sources */,
				76CF773A1B5D798300A2FCC8 /* Utilities.swift in Sources */,
				76D50A901C72624F00DBB660 /* Beachline.swift in Sources */,
				76CF77501B5D7BF500A2FCC8 /* Table.swift in Sources */,
				76CF77491B5D7B6D00A2FCC8 /* Orientation.swift in Sources */,
				76CF775C1B5D7E3D00A2FCC8 /* Voronoi.swift in Sources */,
				76D50A8D1C72622700DBB660 /* HeapType.swift in Sources */,
				76CF77341B5D798300A2FCC8 /* Perlin1D.swift in Sources */,
				76CF77521B5D7C0800A2FCC8 /* Matrix.swift in Sources */,
				76CF77351B5D798300A2FCC8 /* Perlin2D.swift in Sources */,
				76D50AF31C73B1E200DBB660 /* Boundary.swift in Sources */,
				76CF770E1B5D74E800A2FCC8 /* Line.swift in Sources */,
				76CF770A1B5D74E800A2FCC8 /* Edge.swift in Sources */,
				76D50A8C1C72622700DBB660 /* Heap.swift in Sources */,
				76CF77421B5D7AE400A2FCC8 /* CGPoint+Internal.swift in Sources */,
				76CF774A1B5D7B6D00A2FCC8 /* TransformedVertex.swift in Sources */,
				7622AEF01C74693B0055BA9C /* CGRect+Extensions.swift in Sources */,
			);
			runOnlyForDeploymentPostprocessing = 0;
		};
/* End PBXSourcesBuildPhase section */

/* Begin XCBuildConfiguration section */
		76CF76971B5C376D00A2FCC8 /* Debug */ = {
			isa = XCBuildConfiguration;
			buildSettings = {
				ALWAYS_SEARCH_USER_PATHS = NO;
				CLANG_CXX_LANGUAGE_STANDARD = "gnu++0x";
				CLANG_CXX_LIBRARY = "libc++";
				CLANG_ENABLE_MODULES = YES;
				CLANG_ENABLE_OBJC_ARC = YES;
				CLANG_WARN_BOOL_CONVERSION = YES;
				CLANG_WARN_CONSTANT_CONVERSION = YES;
				CLANG_WARN_DIRECT_OBJC_ISA_USAGE = YES_ERROR;
				CLANG_WARN_EMPTY_BODY = YES;
				CLANG_WARN_ENUM_CONVERSION = YES;
				CLANG_WARN_INT_CONVERSION = YES;
				CLANG_WARN_OBJC_ROOT_CLASS = YES_ERROR;
				CLANG_WARN_UNREACHABLE_CODE = YES;
				CLANG_WARN__DUPLICATE_METHOD_MATCH = YES;
				"CODE_SIGN_IDENTITY[sdk=iphoneos*]" = "iPhone Developer";
				COPY_PHASE_STRIP = NO;
				CURRENT_PROJECT_VERSION = 1;
				DEBUG_INFORMATION_FORMAT = "dwarf-with-dsym";
				ENABLE_STRICT_OBJC_MSGSEND = YES;
				ENABLE_TESTABILITY = YES;
				GCC_C_LANGUAGE_STANDARD = gnu99;
				GCC_DYNAMIC_NO_PIC = NO;
				GCC_NO_COMMON_BLOCKS = YES;
				GCC_OPTIMIZATION_LEVEL = 0;
				GCC_PREPROCESSOR_DEFINITIONS = (
					"DEBUG=1",
					"$(inherited)",
				);
				GCC_SYMBOLS_PRIVATE_EXTERN = NO;
				GCC_WARN_64_TO_32_BIT_CONVERSION = YES;
				GCC_WARN_ABOUT_RETURN_TYPE = YES_ERROR;
				GCC_WARN_UNDECLARED_SELECTOR = YES;
				GCC_WARN_UNINITIALIZED_AUTOS = YES_AGGRESSIVE;
				GCC_WARN_UNUSED_FUNCTION = YES;
				GCC_WARN_UNUSED_VARIABLE = YES;
				IPHONEOS_DEPLOYMENT_TARGET = 8.3;
				MTL_ENABLE_DEBUG_INFO = YES;
				ONLY_ACTIVE_ARCH = YES;
				SDKROOT = iphoneos;
				SWIFT_OPTIMIZATION_LEVEL = "-Onone";
				TARGETED_DEVICE_FAMILY = "1,2";
				VERSIONING_SYSTEM = "apple-generic";
				VERSION_INFO_PREFIX = "";
			};
			name = Debug;
		};
		76CF76981B5C376D00A2FCC8 /* Release */ = {
			isa = XCBuildConfiguration;
			buildSettings = {
				ALWAYS_SEARCH_USER_PATHS = NO;
				CLANG_CXX_LANGUAGE_STANDARD = "gnu++0x";
				CLANG_CXX_LIBRARY = "libc++";
				CLANG_ENABLE_MODULES = YES;
				CLANG_ENABLE_OBJC_ARC = YES;
				CLANG_WARN_BOOL_CONVERSION = YES;
				CLANG_WARN_CONSTANT_CONVERSION = YES;
				CLANG_WARN_DIRECT_OBJC_ISA_USAGE = YES_ERROR;
				CLANG_WARN_EMPTY_BODY = YES;
				CLANG_WARN_ENUM_CONVERSION = YES;
				CLANG_WARN_INT_CONVERSION = YES;
				CLANG_WARN_OBJC_ROOT_CLASS = YES_ERROR;
				CLANG_WARN_UNREACHABLE_CODE = YES;
				CLANG_WARN__DUPLICATE_METHOD_MATCH = YES;
				"CODE_SIGN_IDENTITY[sdk=iphoneos*]" = "iPhone Developer";
				COPY_PHASE_STRIP = NO;
				CURRENT_PROJECT_VERSION = 1;
				DEBUG_INFORMATION_FORMAT = "dwarf-with-dsym";
				ENABLE_NS_ASSERTIONS = NO;
				ENABLE_STRICT_OBJC_MSGSEND = YES;
				GCC_C_LANGUAGE_STANDARD = gnu99;
				GCC_NO_COMMON_BLOCKS = YES;
				GCC_WARN_64_TO_32_BIT_CONVERSION = YES;
				GCC_WARN_ABOUT_RETURN_TYPE = YES_ERROR;
				GCC_WARN_UNDECLARED_SELECTOR = YES;
				GCC_WARN_UNINITIALIZED_AUTOS = YES_AGGRESSIVE;
				GCC_WARN_UNUSED_FUNCTION = YES;
				GCC_WARN_UNUSED_VARIABLE = YES;
				IPHONEOS_DEPLOYMENT_TARGET = 8.3;
				MTL_ENABLE_DEBUG_INFO = NO;
				SDKROOT = iphoneos;
				TARGETED_DEVICE_FAMILY = "1,2";
				VALIDATE_PRODUCT = YES;
				VERSIONING_SYSTEM = "apple-generic";
				VERSION_INFO_PREFIX = "";
			};
			name = Release;
		};
		76CF769A1B5C376D00A2FCC8 /* Debug */ = {
			isa = XCBuildConfiguration;
			buildSettings = {
				CODE_SIGN_IDENTITY = "iPhone Developer";
				"CODE_SIGN_IDENTITY[sdk=iphoneos*]" = "iPhone Developer";
				DEFINES_MODULE = YES;
				DEVELOPMENT_TEAM = "";
				DYLIB_COMPATIBILITY_VERSION = 1;
				DYLIB_CURRENT_VERSION = 1;
				DYLIB_INSTALL_NAME_BASE = "@rpath";
				INFOPLIST_FILE = Descartes/Info.plist;
				INSTALL_PATH = "$(LOCAL_LIBRARY_DIR)/Frameworks";
				IPHONEOS_DEPLOYMENT_TARGET = 10.0;
				LD_RUNPATH_SEARCH_PATHS = "$(inherited) @executable_path/Frameworks @loader_path/Frameworks";
				PRODUCT_BUNDLE_IDENTIFIER = "com.FredrikSjoberg.$(PRODUCT_NAME:rfc1034identifier)";
				PRODUCT_NAME = "$(TARGET_NAME)";
				PROVISIONING_PROFILE = "";
				SKIP_INSTALL = YES;
				SWIFT_VERSION = 3.0;
			};
			name = Debug;
		};
		76CF769B1B5C376D00A2FCC8 /* Release */ = {
			isa = XCBuildConfiguration;
			buildSettings = {
				CODE_SIGN_IDENTITY = "iPhone Developer";
				"CODE_SIGN_IDENTITY[sdk=iphoneos*]" = "iPhone Developer";
				DEFINES_MODULE = YES;
				DEVELOPMENT_TEAM = "";
				DYLIB_COMPATIBILITY_VERSION = 1;
				DYLIB_CURRENT_VERSION = 1;
				DYLIB_INSTALL_NAME_BASE = "@rpath";
				INFOPLIST_FILE = Descartes/Info.plist;
				INSTALL_PATH = "$(LOCAL_LIBRARY_DIR)/Frameworks";
				IPHONEOS_DEPLOYMENT_TARGET = 10.0;
				LD_RUNPATH_SEARCH_PATHS = "$(inherited) @executable_path/Frameworks @loader_path/Frameworks";
				PRODUCT_BUNDLE_IDENTIFIER = "com.FredrikSjoberg.$(PRODUCT_NAME:rfc1034identifier)";
				PRODUCT_NAME = "$(TARGET_NAME)";
				PROVISIONING_PROFILE = "";
				SKIP_INSTALL = YES;
				SWIFT_VERSION = 3.0;
			};
			name = Release;
		};
/* End XCBuildConfiguration section */

/* Begin XCConfigurationList section */
		76CF767D1B5C376D00A2FCC8 /* Build configuration list for PBXProject "Descartes" */ = {
			isa = XCConfigurationList;
			buildConfigurations = (
				76CF76971B5C376D00A2FCC8 /* Debug */,
				76CF76981B5C376D00A2FCC8 /* Release */,
			);
			defaultConfigurationIsVisible = 0;
			defaultConfigurationName = Release;
		};
		76CF76991B5C376D00A2FCC8 /* Build configuration list for PBXNativeTarget "Descartes" */ = {
			isa = XCConfigurationList;
			buildConfigurations = (
				76CF769A1B5C376D00A2FCC8 /* Debug */,
				76CF769B1B5C376D00A2FCC8 /* Release */,
			);
			defaultConfigurationIsVisible = 0;
			defaultConfigurationName = Release;
		};
/* End XCConfigurationList section */
	};
	rootObject = 76CF767A1B5C376D00A2FCC8 /* Project object */;
}
